// !$*UTF8*$!
{
	archiveVersion = 1;
	classes = {
	};
	objectVersion = 50;
	objects = {

/* Begin PBXBuildFile section */
		470E6C372586E3E900B95719 /* HomeView.swift in Sources */ = {isa = PBXBuildFile; fileRef = 470E6C362586E3E900B95719 /* HomeView.swift */; };
		475B277924B3F55200619BC7 /* Persistence.swift in Sources */ = {isa = PBXBuildFile; fileRef = 475B277624B3F55200619BC7 /* Persistence.swift */; };
		475B277B24B3F55200619BC7 /* MapDataProvider.swift in Sources */ = {isa = PBXBuildFile; fileRef = 475B277824B3F55200619BC7 /* MapDataProvider.swift */; };
		47610F4B262CEBFA00538BC1 /* PublicNameAndAlternatives.swift in Sources */ = {isa = PBXBuildFile; fileRef = 47610F43262CEBF900538BC1 /* PublicNameAndAlternatives.swift */; };
		47610F4C262CEBFA00538BC1 /* PublicTLDR.swift in Sources */ = {isa = PBXBuildFile; fileRef = 47610F44262CEBF900538BC1 /* PublicTLDR.swift */; };
		47610F4D262CEBFA00538BC1 /* PublicFarm.swift in Sources */ = {isa = PBXBuildFile; fileRef = 47610F45262CEBF900538BC1 /* PublicFarm.swift */; };
		47610F4E262CEBFA00538BC1 /* PublicPrice.swift in Sources */ = {isa = PBXBuildFile; fileRef = 47610F46262CEBF900538BC1 /* PublicPrice.swift */; };
		47610F4F262CEBFA00538BC1 /* PublicProduct.swift in Sources */ = {isa = PBXBuildFile; fileRef = 47610F47262CEBF900538BC1 /* PublicProduct.swift */; };
		47610F50262CEBFA00538BC1 /* PubicStorefront.swift in Sources */ = {isa = PBXBuildFile; fileRef = 47610F48262CEBF900538BC1 /* PubicStorefront.swift */; };
		47610F51262CEBFA00538BC1 /* PublicDescription.swift in Sources */ = {isa = PBXBuildFile; fileRef = 47610F49262CEBF900538BC1 /* PublicDescription.swift */; };
		47610F52262CEBFA00538BC1 /* PublicUser.swift in Sources */ = {isa = PBXBuildFile; fileRef = 47610F4A262CEBFA00538BC1 /* PublicUser.swift */; };
		4769D8452463D34100D378BD /* AppDelegate.swift in Sources */ = {isa = PBXBuildFile; fileRef = 4769D8442463D34100D378BD /* AppDelegate.swift */; };
		4769D8472463D34100D378BD /* SceneDelegate.swift in Sources */ = {isa = PBXBuildFile; fileRef = 4769D8462463D34100D378BD /* SceneDelegate.swift */; };
		4769D8492463D34100D378BD /* ContentView.swift in Sources */ = {isa = PBXBuildFile; fileRef = 4769D8482463D34100D378BD /* ContentView.swift */; };
		4769D84B2463D34200D378BD /* Assets.xcassets in Resources */ = {isa = PBXBuildFile; fileRef = 4769D84A2463D34200D378BD /* Assets.xcassets */; };
		4769D84E2463D34200D378BD /* Preview Assets.xcassets in Resources */ = {isa = PBXBuildFile; fileRef = 4769D84D2463D34200D378BD /* Preview Assets.xcassets */; };
		4769D8512463D34200D378BD /* LaunchScreen.storyboard in Resources */ = {isa = PBXBuildFile; fileRef = 4769D84F2463D34200D378BD /* LaunchScreen.storyboard */; };
		47A572C224B3F68400456ECB /* DataModel.swift in Sources */ = {isa = PBXBuildFile; fileRef = 47A572C124B3F68400456ECB /* DataModel.swift */; };
		47D500072584242A00F65DCC /* WebAPI.swift in Sources */ = {isa = PBXBuildFile; fileRef = 47D500062584242A00F65DCC /* WebAPI.swift */; };
		47D5000B2584247200F65DCC /* UserProfile.swift in Sources */ = {isa = PBXBuildFile; fileRef = 47D5000A2584247200F65DCC /* UserProfile.swift */; };
		47D50014258424C500F65DCC /* SignInWithApple.swift in Sources */ = {isa = PBXBuildFile; fileRef = 47D50013258424C500F65DCC /* SignInWithApple.swift */; };
		47D50018258424E000F65DCC /* SignInWithAppleDelegates.swift in Sources */ = {isa = PBXBuildFile; fileRef = 47D50017258424E000F65DCC /* SignInWithAppleDelegates.swift */; };
/* End PBXBuildFile section */

/* Begin PBXFileReference section */
		470E6C362586E3E900B95719 /* HomeView.swift */ = {isa = PBXFileReference; lastKnownFileType = sourcecode.swift; path = HomeView.swift; sourceTree = "<group>"; };
		475B277624B3F55200619BC7 /* Persistence.swift */ = {isa = PBXFileReference; fileEncoding = 4; lastKnownFileType = sourcecode.swift; path = Persistence.swift; sourceTree = "<group>"; };
		475B277824B3F55200619BC7 /* MapDataProvider.swift */ = {isa = PBXFileReference; fileEncoding = 4; lastKnownFileType = sourcecode.swift; path = MapDataProvider.swift; sourceTree = "<group>"; };
		47610F43262CEBF900538BC1 /* PublicNameAndAlternatives.swift */ = {isa = PBXFileReference; fileEncoding = 4; lastKnownFileType = sourcecode.swift; path = PublicNameAndAlternatives.swift; sourceTree = "<group>"; };
		47610F44262CEBF900538BC1 /* PublicTLDR.swift */ = {isa = PBXFileReference; fileEncoding = 4; lastKnownFileType = sourcecode.swift; path = PublicTLDR.swift; sourceTree = "<group>"; };
		47610F45262CEBF900538BC1 /* PublicFarm.swift */ = {isa = PBXFileReference; fileEncoding = 4; lastKnownFileType = sourcecode.swift; path = PublicFarm.swift; sourceTree = "<group>"; };
		47610F46262CEBF900538BC1 /* PublicPrice.swift */ = {isa = PBXFileReference; fileEncoding = 4; lastKnownFileType = sourcecode.swift; path = PublicPrice.swift; sourceTree = "<group>"; };
		47610F47262CEBF900538BC1 /* PublicProduct.swift */ = {isa = PBXFileReference; fileEncoding = 4; lastKnownFileType = sourcecode.swift; path = PublicProduct.swift; sourceTree = "<group>"; };
		47610F48262CEBF900538BC1 /* PubicStorefront.swift */ = {isa = PBXFileReference; fileEncoding = 4; lastKnownFileType = sourcecode.swift; path = PubicStorefront.swift; sourceTree = "<group>"; };
		47610F49262CEBF900538BC1 /* PublicDescription.swift */ = {isa = PBXFileReference; fileEncoding = 4; lastKnownFileType = sourcecode.swift; path = PublicDescription.swift; sourceTree = "<group>"; };
		47610F4A262CEBFA00538BC1 /* PublicUser.swift */ = {isa = PBXFileReference; fileEncoding = 4; lastKnownFileType = sourcecode.swift; path = PublicUser.swift; sourceTree = "<group>"; };
		4769D8412463D34100D378BD /* Farmhouse.app */ = {isa = PBXFileReference; explicitFileType = wrapper.application; includeInIndex = 0; path = Farmhouse.app; sourceTree = BUILT_PRODUCTS_DIR; };
		4769D8442463D34100D378BD /* AppDelegate.swift */ = {isa = PBXFileReference; lastKnownFileType = sourcecode.swift; path = AppDelegate.swift; sourceTree = "<group>"; };
		4769D8462463D34100D378BD /* SceneDelegate.swift */ = {isa = PBXFileReference; lastKnownFileType = sourcecode.swift; path = SceneDelegate.swift; sourceTree = "<group>"; };
		4769D8482463D34100D378BD /* ContentView.swift */ = {isa = PBXFileReference; lastKnownFileType = sourcecode.swift; path = ContentView.swift; sourceTree = "<group>"; };
		4769D84A2463D34200D378BD /* Assets.xcassets */ = {isa = PBXFileReference; lastKnownFileType = folder.assetcatalog; path = Assets.xcassets; sourceTree = "<group>"; };
		4769D84D2463D34200D378BD /* Preview Assets.xcassets */ = {isa = PBXFileReference; lastKnownFileType = folder.assetcatalog; path = "Preview Assets.xcassets"; sourceTree = "<group>"; };
		4769D8502463D34200D378BD /* Base */ = {isa = PBXFileReference; lastKnownFileType = file.storyboard; name = Base; path = Base.lproj/LaunchScreen.storyboard; sourceTree = "<group>"; };
		4769D8522463D34200D378BD /* Info.plist */ = {isa = PBXFileReference; lastKnownFileType = text.plist.xml; path = Info.plist; sourceTree = "<group>"; };
		47A572C124B3F68400456ECB /* DataModel.swift */ = {isa = PBXFileReference; fileEncoding = 4; lastKnownFileType = sourcecode.swift; path = DataModel.swift; sourceTree = "<group>"; };
		47D500062584242A00F65DCC /* WebAPI.swift */ = {isa = PBXFileReference; lastKnownFileType = sourcecode.swift; path = WebAPI.swift; sourceTree = "<group>"; };
		47D5000A2584247200F65DCC /* UserProfile.swift */ = {isa = PBXFileReference; lastKnownFileType = sourcecode.swift; path = UserProfile.swift; sourceTree = "<group>"; };
		47D50013258424C500F65DCC /* SignInWithApple.swift */ = {isa = PBXFileReference; lastKnownFileType = sourcecode.swift; path = SignInWithApple.swift; sourceTree = "<group>"; };
		47D50017258424E000F65DCC /* SignInWithAppleDelegates.swift */ = {isa = PBXFileReference; lastKnownFileType = sourcecode.swift; path = SignInWithAppleDelegates.swift; sourceTree = "<group>"; };
/* End PBXFileReference section */

/* Begin PBXFrameworksBuildPhase section */
		4769D83E2463D34100D378BD /* Frameworks */ = {
			isa = PBXFrameworksBuildPhase;
			buildActionMask = 2147483647;
			files = (
			);
			runOnlyForDeploymentPostprocessing = 0;
		};
/* End PBXFrameworksBuildPhase section */

/* Begin PBXGroup section */
		4721EA8E24B3E5D20066BC29 /* Farmer List Module */ = {
			isa = PBXGroup;
			children = (
			);
			path = "Farmer List Module";
			sourceTree = "<group>";
		};
		4721EA8F24B3E5E00066BC29 /* Farmer Detail Interactor */ = {
			isa = PBXGroup;
			children = (
			);
			path = "Farmer Detail Interactor";
			sourceTree = "<group>";
		};
		4721EA9124B3EA220066BC29 /* Frameworks */ = {
			isa = PBXGroup;
			children = (
			);
			name = Frameworks;
			sourceTree = "<group>";
		};
		475B277524B3F55200619BC7 /* Data Sources */ = {
			isa = PBXGroup;
			children = (
				47A572C124B3F68400456ECB /* DataModel.swift */,
				475B277624B3F55200619BC7 /* Persistence.swift */,
				475B277824B3F55200619BC7 /* MapDataProvider.swift */,
			);
			path = "Data Sources";
			sourceTree = "<group>";
		};
		47610F41262CEBDE00538BC1 /* Model */ = {
			isa = PBXGroup;
			children = (
				47610F42262CEBE400538BC1 /* Entities */,
			);
			path = Model;
			sourceTree = "<group>";
		};
		47610F42262CEBE400538BC1 /* Entities */ = {
			isa = PBXGroup;
			children = (
				47610F58262CEDB700538BC1 /* Public */,
			);
			path = Entities;
			sourceTree = "<group>";
		};
		47610F58262CEDB700538BC1 /* Public */ = {
			isa = PBXGroup;
			children = (
				47610F48262CEBF900538BC1 /* PubicStorefront.swift */,
				47610F49262CEBF900538BC1 /* PublicDescription.swift */,
				47610F45262CEBF900538BC1 /* PublicFarm.swift */,
				47610F43262CEBF900538BC1 /* PublicNameAndAlternatives.swift */,
				47610F46262CEBF900538BC1 /* PublicPrice.swift */,
				47610F47262CEBF900538BC1 /* PublicProduct.swift */,
				47610F44262CEBF900538BC1 /* PublicTLDR.swift */,
				47610F4A262CEBFA00538BC1 /* PublicUser.swift */,
			);
			path = Public;
			sourceTree = "<group>";
		};
		4769D8382463D34100D378BD = {
			isa = PBXGroup;
			children = (
				4769D8432463D34100D378BD /* Farmhouse */,
				4769D8422463D34100D378BD /* Products */,
				4721EA9124B3EA220066BC29 /* Frameworks */,
			);
			sourceTree = "<group>";
		};
		4769D8422463D34100D378BD /* Products */ = {
			isa = PBXGroup;
			children = (
				4769D8412463D34100D378BD /* Farmhouse.app */,
			);
			name = Products;
			sourceTree = "<group>";
		};
		4769D8432463D34100D378BD /* Farmhouse */ = {
			isa = PBXGroup;
			children = (
				47610F41262CEBDE00538BC1 /* Model */,
				475B277524B3F55200619BC7 /* Data Sources */,
				4769D8442463D34100D378BD /* AppDelegate.swift */,
				4769D8462463D34100D378BD /* SceneDelegate.swift */,
				4769D8482463D34100D378BD /* ContentView.swift */,
				4769D85A2463D4D800D378BD /* Functional Views */,
				4721EA8E24B3E5D20066BC29 /* Farmer List Module */,
				4721EA8F24B3E5E00066BC29 /* Farmer Detail Interactor */,
				47D500012584241500F65DCC /* WebAPI */,
				4769D84A2463D34200D378BD /* Assets.xcassets */,
				4769D84F2463D34200D378BD /* LaunchScreen.storyboard */,
				4769D8522463D34200D378BD /* Info.plist */,
				47D5000E258424B300F65DCC /* SignInWithApple */,
				4769D84C2463D34200D378BD /* Preview Content */,
			);
			path = Farmhouse;
			sourceTree = "<group>";
		};
		4769D84C2463D34200D378BD /* Preview Content */ = {
			isa = PBXGroup;
			children = (
				4769D84D2463D34200D378BD /* Preview Assets.xcassets */,
			);
			path = "Preview Content";
			sourceTree = "<group>";
		};
		4769D85A2463D4D800D378BD /* Functional Views */ = {
			isa = PBXGroup;
			children = (
				470E6C362586E3E900B95719 /* HomeView.swift */,
			);
			path = "Functional Views";
			sourceTree = "<group>";
		};
		47D500012584241500F65DCC /* WebAPI */ = {
			isa = PBXGroup;
			children = (
				47D500062584242A00F65DCC /* WebAPI.swift */,
				47D5000A2584247200F65DCC /* UserProfile.swift */,
			);
			path = WebAPI;
			sourceTree = "<group>";
		};
		47D5000E258424B300F65DCC /* SignInWithApple */ = {
			isa = PBXGroup;
			children = (
				47D50013258424C500F65DCC /* SignInWithApple.swift */,
				47D50017258424E000F65DCC /* SignInWithAppleDelegates.swift */,
			);
			path = SignInWithApple;
			sourceTree = "<group>";
		};
/* End PBXGroup section */

/* Begin PBXNativeTarget section */
		4769D8402463D34100D378BD /* Farmhouse */ = {
			isa = PBXNativeTarget;
			buildConfigurationList = 4769D8552463D34200D378BD /* Build configuration list for PBXNativeTarget "Farmhouse" */;
			buildPhases = (
				4769D83D2463D34100D378BD /* Sources */,
				4769D83E2463D34100D378BD /* Frameworks */,
				4769D83F2463D34100D378BD /* Resources */,
			);
			buildRules = (
			);
			dependencies = (
			);
			name = Farmhouse;
			packageProductDependencies = (
			);
			productName = Farmhouse;
			productReference = 4769D8412463D34100D378BD /* Farmhouse.app */;
			productType = "com.apple.product-type.application";
		};
/* End PBXNativeTarget section */

/* Begin PBXProject section */
		4769D8392463D34100D378BD /* Project object */ = {
			isa = PBXProject;
			attributes = {
				LastSwiftUpdateCheck = 1160;
				LastUpgradeCheck = 1340;
				ORGANIZATIONNAME = "Andrew McLane";
				TargetAttributes = {
					4769D8402463D34100D378BD = {
						CreatedOnToolsVersion = 11.4.1;
					};
				};
			};
			buildConfigurationList = 4769D83C2463D34100D378BD /* Build configuration list for PBXProject "Farmhouse" */;
			compatibilityVersion = "Xcode 9.3";
			developmentRegion = en;
			hasScannedForEncodings = 0;
			knownRegions = (
				en,
				Base,
			);
			mainGroup = 4769D8382463D34100D378BD;
			packageReferences = (
			);
			productRefGroup = 4769D8422463D34100D378BD /* Products */;
			projectDirPath = "";
			projectRoot = "";
			targets = (
				4769D8402463D34100D378BD /* Farmhouse */,
			);
		};
/* End PBXProject section */

/* Begin PBXResourcesBuildPhase section */
		4769D83F2463D34100D378BD /* Resources */ = {
			isa = PBXResourcesBuildPhase;
			buildActionMask = 2147483647;
			files = (
				4769D8512463D34200D378BD /* LaunchScreen.storyboard in Resources */,
				4769D84E2463D34200D378BD /* Preview Assets.xcassets in Resources */,
				4769D84B2463D34200D378BD /* Assets.xcassets in Resources */,
			);
			runOnlyForDeploymentPostprocessing = 0;
		};
/* End PBXResourcesBuildPhase section */

/* Begin PBXSourcesBuildPhase section */
		4769D83D2463D34100D378BD /* Sources */ = {
			isa = PBXSourcesBuildPhase;
			buildActionMask = 2147483647;
			files = (
				475B277B24B3F55200619BC7 /* MapDataProvider.swift in Sources */,
				475B277924B3F55200619BC7 /* Persistence.swift in Sources */,
				4769D8452463D34100D378BD /* AppDelegate.swift in Sources */,
				4769D8472463D34100D378BD /* SceneDelegate.swift in Sources */,
				47D50014258424C500F65DCC /* SignInWithApple.swift in Sources */,
				470E6C372586E3E900B95719 /* HomeView.swift in Sources */,
				4769D8492463D34100D378BD /* ContentView.swift in Sources */,
				47610F4B262CEBFA00538BC1 /* PublicNameAndAlternatives.swift in Sources */,
				47610F4D262CEBFA00538BC1 /* PublicFarm.swift in Sources */,
				47610F51262CEBFA00538BC1 /* PublicDescription.swift in Sources */,
				47610F4E262CEBFA00538BC1 /* PublicPrice.swift in Sources */,
				47610F50262CEBFA00538BC1 /* PubicStorefront.swift in Sources */,
				47D50018258424E000F65DCC /* SignInWithAppleDelegates.swift in Sources */,
				47610F4C262CEBFA00538BC1 /* PublicTLDR.swift in Sources */,
				47D500072584242A00F65DCC /* WebAPI.swift in Sources */,
				47D5000B2584247200F65DCC /* UserProfile.swift in Sources */,
				47610F4F262CEBFA00538BC1 /* PublicProduct.swift in Sources */,
				47610F52262CEBFA00538BC1 /* PublicUser.swift in Sources */,
				47A572C224B3F68400456ECB /* DataModel.swift in Sources */,
			);
			runOnlyForDeploymentPostprocessing = 0;
		};
/* End PBXSourcesBuildPhase section */

/* Begin PBXVariantGroup section */
		4769D84F2463D34200D378BD /* LaunchScreen.storyboard */ = {
			isa = PBXVariantGroup;
			children = (
				4769D8502463D34200D378BD /* Base */,
			);
			name = LaunchScreen.storyboard;
			sourceTree = "<group>";
		};
/* End PBXVariantGroup section */

/* Begin XCBuildConfiguration section */
		4769D8532463D34200D378BD /* Debug */ = {
			isa = XCBuildConfiguration;
			buildSettings = {
				ALWAYS_SEARCH_USER_PATHS = NO;
				CLANG_ANALYZER_NONNULL = YES;
				CLANG_ANALYZER_NUMBER_OBJECT_CONVERSION = YES_AGGRESSIVE;
				CLANG_CXX_LANGUAGE_STANDARD = "gnu++14";
				CLANG_CXX_LIBRARY = "libc++";
				CLANG_ENABLE_MODULES = YES;
				CLANG_ENABLE_OBJC_ARC = YES;
				CLANG_ENABLE_OBJC_WEAK = YES;
				CLANG_WARN_BLOCK_CAPTURE_AUTORELEASING = YES;
				CLANG_WARN_BOOL_CONVERSION = YES;
				CLANG_WARN_COMMA = YES;
				CLANG_WARN_CONSTANT_CONVERSION = YES;
				CLANG_WARN_DEPRECATED_OBJC_IMPLEMENTATIONS = YES;
				CLANG_WARN_DIRECT_OBJC_ISA_USAGE = YES_ERROR;
				CLANG_WARN_DOCUMENTATION_COMMENTS = YES;
				CLANG_WARN_EMPTY_BODY = YES;
				CLANG_WARN_ENUM_CONVERSION = YES;
				CLANG_WARN_INFINITE_RECURSION = YES;
				CLANG_WARN_INT_CONVERSION = YES;
				CLANG_WARN_NON_LITERAL_NULL_CONVERSION = YES;
				CLANG_WARN_OBJC_IMPLICIT_RETAIN_SELF = YES;
				CLANG_WARN_OBJC_LITERAL_CONVERSION = YES;
				CLANG_WARN_OBJC_ROOT_CLASS = YES_ERROR;
				CLANG_WARN_QUOTED_INCLUDE_IN_FRAMEWORK_HEADER = YES;
				CLANG_WARN_RANGE_LOOP_ANALYSIS = YES;
				CLANG_WARN_STRICT_PROTOTYPES = YES;
				CLANG_WARN_SUSPICIOUS_MOVE = YES;
				CLANG_WARN_UNGUARDED_AVAILABILITY = YES_AGGRESSIVE;
				CLANG_WARN_UNREACHABLE_CODE = YES;
				CLANG_WARN__DUPLICATE_METHOD_MATCH = YES;
				COPY_PHASE_STRIP = NO;
				DEBUG_INFORMATION_FORMAT = dwarf;
				ENABLE_STRICT_OBJC_MSGSEND = YES;
				ENABLE_TESTABILITY = YES;
				GCC_C_LANGUAGE_STANDARD = gnu11;
				GCC_DYNAMIC_NO_PIC = NO;
				GCC_NO_COMMON_BLOCKS = YES;
				GCC_OPTIMIZATION_LEVEL = 0;
				GCC_PREPROCESSOR_DEFINITIONS = (
					"DEBUG=1",
					"$(inherited)",
				);
				GCC_WARN_64_TO_32_BIT_CONVERSION = YES;
				GCC_WARN_ABOUT_RETURN_TYPE = YES_ERROR;
				GCC_WARN_UNDECLARED_SELECTOR = YES;
				GCC_WARN_UNINITIALIZED_AUTOS = YES_AGGRESSIVE;
				GCC_WARN_UNUSED_FUNCTION = YES;
				GCC_WARN_UNUSED_VARIABLE = YES;
				IPHONEOS_DEPLOYMENT_TARGET = 14.0;
				MTL_ENABLE_DEBUG_INFO = INCLUDE_SOURCE;
				MTL_FAST_MATH = YES;
				ONLY_ACTIVE_ARCH = YES;
				SDKROOT = iphoneos;
				SWIFT_ACTIVE_COMPILATION_CONDITIONS = DEBUG;
				SWIFT_OPTIMIZATION_LEVEL = "-Onone";
			};
			name = Debug;
		};
		4769D8542463D34200D378BD /* Release */ = {
			isa = XCBuildConfiguration;
			buildSettings = {
				ALWAYS_SEARCH_USER_PATHS = NO;
				CLANG_ANALYZER_NONNULL = YES;
				CLANG_ANALYZER_NUMBER_OBJECT_CONVERSION = YES_AGGRESSIVE;
				CLANG_CXX_LANGUAGE_STANDARD = "gnu++14";
				CLANG_CXX_LIBRARY = "libc++";
				CLANG_ENABLE_MODULES = YES;
				CLANG_ENABLE_OBJC_ARC = YES;
				CLANG_ENABLE_OBJC_WEAK = YES;
				CLANG_WARN_BLOCK_CAPTURE_AUTORELEASING = YES;
				CLANG_WARN_BOOL_CONVERSION = YES;
				CLANG_WARN_COMMA = YES;
				CLANG_WARN_CONSTANT_CONVERSION = YES;
				CLANG_WARN_DEPRECATED_OBJC_IMPLEMENTATIONS = YES;
				CLANG_WARN_DIRECT_OBJC_ISA_USAGE = YES_ERROR;
				CLANG_WARN_DOCUMENTATION_COMMENTS = YES;
				CLANG_WARN_EMPTY_BODY = YES;
				CLANG_WARN_ENUM_CONVERSION = YES;
				CLANG_WARN_INFINITE_RECURSION = YES;
				CLANG_WARN_INT_CONVERSION = YES;
				CLANG_WARN_NON_LITERAL_NULL_CONVERSION = YES;
				CLANG_WARN_OBJC_IMPLICIT_RETAIN_SELF = YES;
				CLANG_WARN_OBJC_LITERAL_CONVERSION = YES;
				CLANG_WARN_OBJC_ROOT_CLASS = YES_ERROR;
				CLANG_WARN_QUOTED_INCLUDE_IN_FRAMEWORK_HEADER = YES;
				CLANG_WARN_RANGE_LOOP_ANALYSIS = YES;
				CLANG_WARN_STRICT_PROTOTYPES = YES;
				CLANG_WARN_SUSPICIOUS_MOVE = YES;
				CLANG_WARN_UNGUARDED_AVAILABILITY = YES_AGGRESSIVE;
				CLANG_WARN_UNREACHABLE_CODE = YES;
				CLANG_WARN__DUPLICATE_METHOD_MATCH = YES;
				COPY_PHASE_STRIP = NO;
				DEBUG_INFORMATION_FORMAT = "dwarf-with-dsym";
				ENABLE_NS_ASSERTIONS = NO;
				ENABLE_STRICT_OBJC_MSGSEND = YES;
				GCC_C_LANGUAGE_STANDARD = gnu11;
				GCC_NO_COMMON_BLOCKS = YES;
				GCC_WARN_64_TO_32_BIT_CONVERSION = YES;
				GCC_WARN_ABOUT_RETURN_TYPE = YES_ERROR;
				GCC_WARN_UNDECLARED_SELECTOR = YES;
				GCC_WARN_UNINITIALIZED_AUTOS = YES_AGGRESSIVE;
				GCC_WARN_UNUSED_FUNCTION = YES;
				GCC_WARN_UNUSED_VARIABLE = YES;
				IPHONEOS_DEPLOYMENT_TARGET = 14.0;
				MTL_ENABLE_DEBUG_INFO = NO;
				MTL_FAST_MATH = YES;
				SDKROOT = iphoneos;
				SWIFT_COMPILATION_MODE = wholemodule;
				SWIFT_OPTIMIZATION_LEVEL = "-O";
				VALIDATE_PRODUCT = YES;
			};
			name = Release;
		};
		4769D8562463D34200D378BD /* Debug */ = {
			isa = XCBuildConfiguration;
			buildSettings = {
				ASSETCATALOG_COMPILER_APPICON_NAME = AppIcon;
				CODE_SIGN_ENTITLEMENTS = Farmhouse/Farmhouse.entitlements;
				CODE_SIGN_STYLE = Automatic;
				DEVELOPMENT_ASSET_PATHS = "\"Farmhouse/Preview Content\"";
				DEVELOPMENT_TEAM = QX79LNB56B;
				ENABLE_PREVIEWS = YES;
				INFOPLIST_FILE = Farmhouse/Info.plist;
				IPHONEOS_DEPLOYMENT_TARGET = 14.0;
				LD_RUNPATH_SEARCH_PATHS = (
					"$(inherited)",
					"@executable_path/Frameworks",
				);
				PRODUCT_BUNDLE_IDENTIFIER = world.smalli.Farmhouse;
				PRODUCT_NAME = "$(TARGET_NAME)";
				SUPPORTS_MACCATALYST = NO;
				SWIFT_VERSION = 5.0;
				TARGETED_DEVICE_FAMILY = "1,2";
			};
			name = Debug;
		};
		4769D8572463D34200D378BD /* Release */ = {
			isa = XCBuildConfiguration;
			buildSettings = {
				ASSETCATALOG_COMPILER_APPICON_NAME = AppIcon;
				CODE_SIGN_ENTITLEMENTS = Farmhouse/Farmhouse.entitlements;
				CODE_SIGN_STYLE = Automatic;
				DEVELOPMENT_ASSET_PATHS = "\"Farmhouse/Preview Content\"";
				DEVELOPMENT_TEAM = QX79LNB56B;
				ENABLE_PREVIEWS = YES;
				INFOPLIST_FILE = Farmhouse/Info.plist;
				IPHONEOS_DEPLOYMENT_TARGET = 14.0;
				LD_RUNPATH_SEARCH_PATHS = (
					"$(inherited)",
					"@executable_path/Frameworks",
				);
				PRODUCT_BUNDLE_IDENTIFIER = world.smalli.Farmhouse;
				PRODUCT_NAME = "$(TARGET_NAME)";
				SUPPORTS_MACCATALYST = NO;
				SWIFT_VERSION = 5.0;
				TARGETED_DEVICE_FAMILY = "1,2";
			};
			name = Release;
		};
/* End XCBuildConfiguration section */

/* Begin XCConfigurationList section */
		4769D83C2463D34100D378BD /* Build configuration list for PBXProject "Farmhouse" */ = {
			isa = XCConfigurationList;
			buildConfigurations = (
				4769D8532463D34200D378BD /* Debug */,
				4769D8542463D34200D378BD /* Release */,
			);
			defaultConfigurationIsVisible = 0;
			defaultConfigurationName = Release;
		};
		4769D8552463D34200D378BD /* Build configuration list for PBXNativeTarget "Farmhouse" */ = {
			isa = XCConfigurationList;
			buildConfigurations = (
				4769D8562463D34200D378BD /* Debug */,
				4769D8572463D34200D378BD /* Release */,
			);
			defaultConfigurationIsVisible = 0;
			defaultConfigurationName = Release;
		};
/* End XCConfigurationList section */
	};
	rootObject = 4769D8392463D34100D378BD /* Project object */;
}
